
Microsoft Visual Studio Solution File, Format Version 12.00
# Visual Studio Version 17
VisualStudioVersion = 17.3.32901.215
MinimumVisualStudioVersion = 10.0.40219.1
Project("{FAE04EC0-301F-11D3-BF4B-00C04F79EFBC}") = "BlogSite", "BlogSite.csproj", "{DA8E7636-70E8-4178-9A70-09531F09547E}"
EndProject
Global
	GlobalSection(SolutionConfigurationPlatforms) = preSolution
		Debug|Any CPU = Debug|Any CPU
		Release|Any CPU = Release|Any CPU
	EndGlobalSection
	GlobalSection(ProjectConfigurationPlatforms) = postSolution
		{DA8E7636-70E8-4178-9A70-09531F09547E}.Debug|Any CPU.ActiveCfg = Debug|Any CPU
		{DA8E7636-70E8-4178-9A70-09531F09547E}.Debug|Any CPU.Build.0 = Debug|Any CPU
		{DA8E7636-70E8-4178-9A70-09531F09547E}.Release|Any CPU.ActiveCfg = Release|Any CPU
		{DA8E7636-70E8-4178-9A70-09531F09547E}.Release|Any CPU.Build.0 = Release|Any CPU
	EndGlobalSection
	GlobalSection(SolutionProperties) = preSolution
		HideSolutionNode = FALSE
	EndGlobalSection
	GlobalSection(ExtensibilityGlobals) = postSolution
		SolutionGuid = {994A71D0-F2A2-4794-8536-E01A06DE42A0}
	EndGlobalSection
EndGlobal
